
Microsoft Visual Studio Solution File, Format Version 12.00
# Visual Studio Version 17
VisualStudioVersion = 17.0.31903.59
MinimumVisualStudioVersion = 10.0.40219.1
Project("{2150E333-8FDC-42A3-9474-1A3956D46DE8}") = "src", "src", "{15F9E2B5-E91C-4345-A9EE-08A69ED635FE}"
EndProject
Project("{FAE04EC0-301F-11D3-BF4B-00C04F79EFBC}") = "SalahWidget", "src\SalahWidget\SalahWidget.csproj", "{510937E0-F324-4C46-8590-A13C5863C0D0}"
EndProject
Project("{2150E333-8FDC-42A3-9474-1A3956D46DE8}") = "tests", "tests", "{27C973D6-F9A1-42D0-BDBF-842353661407}"
EndProject
Project("{FAE04EC0-301F-11D3-BF4B-00C04F79EFBC}") = "SalahWidget.Tests", "tests\SalahWidget.Tests\SalahWidget.Tests.csproj", "{10D56307-3437-4F59-92B0-89347F49A41F}"
EndProject
Global
	GlobalSection(SolutionConfigurationPlatforms) = preSolution
		Debug|Any CPU = Debug|Any CPU
		Release|Any CPU = Release|Any CPU
	EndGlobalSection
	GlobalSection(SolutionProperties) = preSolution
		HideSolutionNode = FALSE
	EndGlobalSection
	GlobalSection(ProjectConfigurationPlatforms) = postSolution
		{510937E0-F324-4C46-8590-A13C5863C0D0}.Debug|Any CPU.ActiveCfg = Debug|x64
		{510937E0-F324-4C46-8590-A13C5863C0D0}.Debug|Any CPU.Build.0 = Debug|x64
		{510937E0-F324-4C46-8590-A13C5863C0D0}.Release|Any CPU.ActiveCfg = Release|x64
		{510937E0-F324-4C46-8590-A13C5863C0D0}.Release|Any CPU.Build.0 = Release|x64
		{10D56307-3437-4F59-92B0-89347F49A41F}.Debug|Any CPU.ActiveCfg = Debug|x64
		{10D56307-3437-4F59-92B0-89347F49A41F}.Debug|Any CPU.Build.0 = Debug|x64
		{10D56307-3437-4F59-92B0-89347F49A41F}.Release|Any CPU.ActiveCfg = Release|x64
		{10D56307-3437-4F59-92B0-89347F49A41F}.Release|Any CPU.Build.0 = Release|x64
	EndGlobalSection
	GlobalSection(NestedProjects) = preSolution
		{510937E0-F324-4C46-8590-A13C5863C0D0} = {15F9E2B5-E91C-4345-A9EE-08A69ED635FE}
		{10D56307-3437-4F59-92B0-89347F49A41F} = {27C973D6-F9A1-42D0-BDBF-842353661407}
	EndGlobalSection
EndGlobal
